
Microsoft Visual Studio Solution File, Format Version 12.00
# Visual Studio Version 17
VisualStudioVersion = 17.9.34902.65
MinimumVisualStudioVersion = 10.0.40219.1
Project("{FAE04EC0-301F-11D3-BF4B-00C04F79EFBC}") = "little_dinosaur_jump.UI", "little_dinosaur_jump\little_dinosaur_jump.UI.csproj", "{E941D801-27D3-4398-9769-0FB5104589D5}"
EndProject
Project("{FAE04EC0-301F-11D3-BF4B-00C04F79EFBC}") = "little_dinosaur_jump.DAl", "little_dinosaur_jump.DAl\little_dinosaur_jump.DAl.csproj", "{5ACCCFA1-9E7E-4063-B376-3864C37FC5EE}"
EndProject
Project("{FAE04EC0-301F-11D3-BF4B-00C04F79EFBC}") = "little_dinosaur_jump.BLL", "little_dinosaur_jump.BLL\little_dinosaur_jump.BLL.csproj", "{148A6AA2-31AC-4279-9388-951435674A5F}"
EndProject
Project("{FAE04EC0-301F-11D3-BF4B-00C04F79EFBC}") = "Common", "Common\Common.csproj", "{648E00A4-8B84-4DFA-B72C-7313789A74BA}"
EndProject
Project("{FAE04EC0-301F-11D3-BF4B-00C04F79EFBC}") = "Model", "Model\Model.csproj", "{DBF33F87-5110-4342-ADE4-5A1924DF3F5F}"
EndProject
Global
	GlobalSection(SolutionConfigurationPlatforms) = preSolution
		Debug|Any CPU = Debug|Any CPU
		Release|Any CPU = Release|Any CPU
	EndGlobalSection
	GlobalSection(ProjectConfigurationPlatforms) = postSolution
		{E941D801-27D3-4398-9769-0FB5104589D5}.Debug|Any CPU.ActiveCfg = Debug|Any CPU
		{E941D801-27D3-4398-9769-0FB5104589D5}.Debug|Any CPU.Build.0 = Debug|Any CPU
		{E941D801-27D3-4398-9769-0FB5104589D5}.Release|Any CPU.ActiveCfg = Release|Any CPU
		{E941D801-27D3-4398-9769-0FB5104589D5}.Release|Any CPU.Build.0 = Release|Any CPU
		{5ACCCFA1-9E7E-4063-B376-3864C37FC5EE}.Debug|Any CPU.ActiveCfg = Debug|Any CPU
		{5ACCCFA1-9E7E-4063-B376-3864C37FC5EE}.Debug|Any CPU.Build.0 = Debug|Any CPU
		{5ACCCFA1-9E7E-4063-B376-3864C37FC5EE}.Release|Any CPU.ActiveCfg = Release|Any CPU
		{5ACCCFA1-9E7E-4063-B376-3864C37FC5EE}.Release|Any CPU.Build.0 = Release|Any CPU
		{148A6AA2-31AC-4279-9388-951435674A5F}.Debug|Any CPU.ActiveCfg = Debug|Any CPU
		{148A6AA2-31AC-4279-9388-951435674A5F}.Debug|Any CPU.Build.0 = Debug|Any CPU
		{148A6AA2-31AC-4279-9388-951435674A5F}.Release|Any CPU.ActiveCfg = Release|Any CPU
		{148A6AA2-31AC-4279-9388-951435674A5F}.Release|Any CPU.Build.0 = Release|Any CPU
		{648E00A4-8B84-4DFA-B72C-7313789A74BA}.Debug|Any CPU.ActiveCfg = Debug|Any CPU
		{648E00A4-8B84-4DFA-B72C-7313789A74BA}.Debug|Any CPU.Build.0 = Debug|Any CPU
		{648E00A4-8B84-4DFA-B72C-7313789A74BA}.Release|Any CPU.ActiveCfg = Release|Any CPU
		{648E00A4-8B84-4DFA-B72C-7313789A74BA}.Release|Any CPU.Build.0 = Release|Any CPU
		{DBF33F87-5110-4342-ADE4-5A1924DF3F5F}.Debug|Any CPU.ActiveCfg = Debug|Any CPU
		{DBF33F87-5110-4342-ADE4-5A1924DF3F5F}.Debug|Any CPU.Build.0 = Debug|Any CPU
		{DBF33F87-5110-4342-ADE4-5A1924DF3F5F}.Release|Any CPU.ActiveCfg = Release|Any CPU
		{DBF33F87-5110-4342-ADE4-5A1924DF3F5F}.Release|Any CPU.Build.0 = Release|Any CPU
	EndGlobalSection
	GlobalSection(SolutionProperties) = preSolution
		HideSolutionNode = FALSE
	EndGlobalSection
	GlobalSection(ExtensibilityGlobals) = postSolution
		SolutionGuid = {A417CED1-4E9A-4C03-A332-FE5B528F96DB}
	EndGlobalSection
EndGlobal
